{
  "name": "ChapmanRadio",
  "version": "1.0.0",
  "lockfileVersion": 1,
  "dependencies": {
    "vue-js-modal": {
      "version": "1.2.2",
      "resolved": "https://registry.npmjs.org/vue-js-modal/-/vue-js-modal-1.2.2.tgz",
      "integrity": "sha512-5ltYKxED7aeY5rEbpEJK00e3AehMH0iUXKXfMspZEyKabO7eekD8QoslK4bl23k/+8D0bhEEsriIiE3VnVljaQ=="
    }
  }
}
